<?xml version="1.0" encoding="utf-8"?>
<Project ToolsVersion="4.0" xmlns="http://schemas.microsoft.com/developer/msbuild/2003">
  <ItemGroup>
    <Filter Include="源文件">
      <UniqueIdentifier>{4FC737F1-C7A5-4376-A066-2A32D752A2FF}</UniqueIdentifier>
      <Extensions>cpp;c;cc;cxx;c++;cppm;ixx;def;odl;idl;hpj;bat;asm;asmx</Extensions>
    </Filter>
    <Filter Include="头文件">
      <UniqueIdentifier>{93995380-89BD-4b04-88EB-625FBE52EBFB}</UniqueIdentifier>
      <Extensions>h;hh;hpp;hxx;h++;hm;inl;inc;ipp;xsd</Extensions>
    </Filter>
    <Filter Include="资源文件">
      <UniqueIdentifier>{67DA6AB6-F800-4c08-8B7A-83BB121AAD01}</UniqueIdentifier>
      <Extensions>rc;ico;cur;bmp;dlg;rc2;rct;bin;rgs;gif;jpg;jpeg;jpe;resx;tiff;tif;png;wav;mfcribbon-ms</Extensions>
    </Filter>
    <Filter Include="cpp">
      <UniqueIdentifier>{7587d66d-774d-49a8-94e7-7ef0eab7eac7}</UniqueIdentifier>
    </Filter>
    <Filter Include="cpp\exported">
      <UniqueIdentifier>{48b8e677-2dfe-44b2-9edf-f5e5b615758d}</UniqueIdentifier>
    </Filter>
    <Filter Include="cpp\exported\meta">
      <UniqueIdentifier>{51753362-6709-44f9-b6ed-0c12c3659a95}</UniqueIdentifier>
    </Filter>
    <Filter Include="cpp\behaviac_generated">
      <UniqueIdentifier>{4efd8db0-4b53-4529-8f6c-dc4c4086f9aa}</UniqueIdentifier>
    </Filter>
    <Filter Include="cpp\behaviac_generated\types">
      <UniqueIdentifier>{215ff176-4db0-464c-891f-bdd1cd8d09f3}</UniqueIdentifier>
    </Filter>
    <Filter Include="cpp\behaviac_generated\types\internal">
      <UniqueIdentifier>{fda50cc1-4fcd-4e32-948f-1ce2c3605145}</UniqueIdentifier>
    </Filter>
    <Filter Include="cpp\behaviac_generated\behaviors">
      <UniqueIdentifier>{2ddf1794-fc7e-4487-a61a-60ed5418c8cd}</UniqueIdentifier>
    </Filter>
  </ItemGroup>
  <ItemGroup>
    <ClInclude Include="ai_mgr.h">
      <Filter>头文件</Filter>
    </ClInclude>
    <ClInclude Include="cpp\behaviac_generated\types\behaviac_types.h">
      <Filter>cpp\behaviac_generated\types</Filter>
    </ClInclude>
    <ClInclude Include="cpp\behaviac_generated\types\internal\behaviac_agent_headers.h">
      <Filter>cpp\behaviac_generated\types\internal</Filter>
    </ClInclude>
    <ClInclude Include="cpp\behaviac_generated\types\internal\behaviac_agent_member_visitor.h">
      <Filter>cpp\behaviac_generated\types\internal</Filter>
    </ClInclude>
    <ClInclude Include="cpp\behaviac_generated\types\internal\behaviac_agent_meta.h">
      <Filter>cpp\behaviac_generated\types\internal</Filter>
    </ClInclude>
    <ClInclude Include="cpp\behaviac_generated\types\internal\behaviac_headers.h">
      <Filter>cpp\behaviac_generated\types\internal</Filter>
    </ClInclude>
    <ClInclude Include="cpp\behaviac_generated\types\internal\FirstAgent.h">
      <Filter>cpp\behaviac_generated\types\internal</Filter>
    </ClInclude>
    <ClInclude Include="cpp\behaviac_generated\behaviors\behaviac_generated_behaviors.h">
      <Filter>cpp\behaviac_generated\behaviors</Filter>
    </ClInclude>
  </ItemGroup>
  <ItemGroup>
    <ClCompile Include="ai_mgr.cpp">
      <Filter>源文件</Filter>
    </ClCompile>
    <ClCompile Include="cpp\behaviac_generated\types\internal\behaviac_agent_meta.cpp">
      <Filter>cpp\behaviac_generated\types\internal</Filter>
    </ClCompile>
    <ClCompile Include="cpp\behaviac_generated\types\internal\FirstAgent.cpp">
      <Filter>cpp\behaviac_generated\types\internal</Filter>
    </ClCompile>
    <ClCompile Include="cpp\behaviac_generated\behaviors\behaviac_generated_behaviors.cpp">
      <Filter>cpp\behaviac_generated\behaviors</Filter>
    </ClCompile>
  </ItemGroup>
  <ItemGroup>
    <Xml Include="cpp\exported\FirstBT.xml">
      <Filter>cpp\exported</Filter>
    </Xml>
    <Xml Include="cpp\exported\meta\tutorial_1_cpp.meta.xml">
      <Filter>cpp\exported\meta</Filter>
    </Xml>
  </ItemGroup>
</Project>